
Microsoft Visual Studio Solution File, Format Version 11.00
# Visual Studio 2010
Project("{FAE04EC0-301F-11D3-BF4B-00C04F79EFBC}") = "New-game-master", "Assembly-CSharp.csproj", "{FD7F98FE-04B3-C0AB-5296-4EE8F2C5F4BC}"
EndProject
Global
	GlobalSection(SolutionConfigurationPlatforms) = preSolution
		Debug|Any CPU = Debug|Any CPU
		Release|Any CPU = Release|Any CPU
	EndGlobalSection
	GlobalSection(ProjectConfigurationPlatforms) = postSolution
		{FD7F98FE-04B3-C0AB-5296-4EE8F2C5F4BC}.Debug|Any CPU.ActiveCfg = Debug|Any CPU
		{FD7F98FE-04B3-C0AB-5296-4EE8F2C5F4BC}.Debug|Any CPU.Build.0 = Debug|Any CPU
		{FD7F98FE-04B3-C0AB-5296-4EE8F2C5F4BC}.Release|Any CPU.ActiveCfg = Release|Any CPU
		{FD7F98FE-04B3-C0AB-5296-4EE8F2C5F4BC}.Release|Any CPU.Build.0 = Release|Any CPU
	EndGlobalSection
	GlobalSection(SolutionProperties) = preSolution
		HideSolutionNode = FALSE
	EndGlobalSection
	GlobalSection(MonoDevelopProperties) = preSolution
		StartupItem = Assembly-CSharp.csproj
	EndGlobalSection
EndGlobal
